
Microsoft Visual Studio Solution File, Format Version 12.00
# Visual Studio Version 16
VisualStudioVersion = 16.0.29102.190
MinimumVisualStudioVersion = 10.0.40219.1
Project("{FAE04EC0-301F-11D3-BF4B-00C04F79EFBC}") = "Speech_Recognition", "Speech_Recognition\Speech_Recognition.csproj", "{03B30E56-5DAE-4820-AFB2-906A6C776C59}"
EndProject
Project("{FAE04EC0-301F-11D3-BF4B-00C04F79EFBC}") = "LogIn", "LogIn\LogIn.csproj", "{9F4755C5-3FD6-4772-88F8-7A2623B12017}"
EndProject
Global
	GlobalSection(SolutionConfigurationPlatforms) = preSolution
		Debug|Any CPU = Debug|Any CPU
		Release|Any CPU = Release|Any CPU
	EndGlobalSection
	GlobalSection(ProjectConfigurationPlatforms) = postSolution
		{03B30E56-5DAE-4820-AFB2-906A6C776C59}.Debug|Any CPU.ActiveCfg = Debug|Any CPU
		{03B30E56-5DAE-4820-AFB2-906A6C776C59}.Debug|Any CPU.Build.0 = Debug|Any CPU
		{03B30E56-5DAE-4820-AFB2-906A6C776C59}.Release|Any CPU.ActiveCfg = Release|Any CPU
		{03B30E56-5DAE-4820-AFB2-906A6C776C59}.Release|Any CPU.Build.0 = Release|Any CPU
		{9F4755C5-3FD6-4772-88F8-7A2623B12017}.Debug|Any CPU.ActiveCfg = Debug|Any CPU
		{9F4755C5-3FD6-4772-88F8-7A2623B12017}.Debug|Any CPU.Build.0 = Debug|Any CPU
		{9F4755C5-3FD6-4772-88F8-7A2623B12017}.Release|Any CPU.ActiveCfg = Release|Any CPU
		{9F4755C5-3FD6-4772-88F8-7A2623B12017}.Release|Any CPU.Build.0 = Release|Any CPU
	EndGlobalSection
	GlobalSection(SolutionProperties) = preSolution
		HideSolutionNode = FALSE
	EndGlobalSection
	GlobalSection(ExtensibilityGlobals) = postSolution
		SolutionGuid = {C0F3F84D-0F40-45F3-89E3-48BFA8E33003}
	EndGlobalSection
EndGlobal
